
Microsoft Visual Studio Solution File, Format Version 12.00
# Visual Studio Version 17
VisualStudioVersion = 17.6.33801.468
MinimumVisualStudioVersion = 10.0.40219.1
Project("{FAE04EC0-301F-11D3-BF4B-00C04F79EFBC}") = "DifferentTypesOfLoadingInDotNetCore", "DifferentTypesOfLoadingInDotNetCore\DifferentTypesOfLoadingInDotNetCore.csproj", "{8E4F3266-9E4F-4E4E-886B-E0AF07885370}"
EndProject
Project("{FAE04EC0-301F-11D3-BF4B-00C04F79EFBC}") = "DbLayer", "DbLayer\DbLayer.csproj", "{16CD6768-7A02-45DE-B795-8432A4AAAF4F}"
EndProject
Project("{FAE04EC0-301F-11D3-BF4B-00C04F79EFBC}") = "LogicLayer", "LogicLayer\LogicLayer.csproj", "{80986E1D-D39D-41EC-AC54-2A7FB5025CDF}"
EndProject
Global
	GlobalSection(SolutionConfigurationPlatforms) = preSolution
		Debug|Any CPU = Debug|Any CPU
		Release|Any CPU = Release|Any CPU
	EndGlobalSection
	GlobalSection(ProjectConfigurationPlatforms) = postSolution
		{8E4F3266-9E4F-4E4E-886B-E0AF07885370}.Debug|Any CPU.ActiveCfg = Debug|Any CPU
		{8E4F3266-9E4F-4E4E-886B-E0AF07885370}.Debug|Any CPU.Build.0 = Debug|Any CPU
		{8E4F3266-9E4F-4E4E-886B-E0AF07885370}.Release|Any CPU.ActiveCfg = Release|Any CPU
		{8E4F3266-9E4F-4E4E-886B-E0AF07885370}.Release|Any CPU.Build.0 = Release|Any CPU
		{16CD6768-7A02-45DE-B795-8432A4AAAF4F}.Debug|Any CPU.ActiveCfg = Debug|Any CPU
		{16CD6768-7A02-45DE-B795-8432A4AAAF4F}.Debug|Any CPU.Build.0 = Debug|Any CPU
		{16CD6768-7A02-45DE-B795-8432A4AAAF4F}.Release|Any CPU.ActiveCfg = Release|Any CPU
		{16CD6768-7A02-45DE-B795-8432A4AAAF4F}.Release|Any CPU.Build.0 = Release|Any CPU
		{80986E1D-D39D-41EC-AC54-2A7FB5025CDF}.Debug|Any CPU.ActiveCfg = Debug|Any CPU
		{80986E1D-D39D-41EC-AC54-2A7FB5025CDF}.Debug|Any CPU.Build.0 = Debug|Any CPU
		{80986E1D-D39D-41EC-AC54-2A7FB5025CDF}.Release|Any CPU.ActiveCfg = Release|Any CPU
		{80986E1D-D39D-41EC-AC54-2A7FB5025CDF}.Release|Any CPU.Build.0 = Release|Any CPU
	EndGlobalSection
	GlobalSection(SolutionProperties) = preSolution
		HideSolutionNode = FALSE
	EndGlobalSection
	GlobalSection(ExtensibilityGlobals) = postSolution
		SolutionGuid = {2E64F9AC-4665-4334-8D50-E3C27AA25371}
	EndGlobalSection
EndGlobal
